
Microsoft Visual Studio Solution File, Format Version 12.00
# Visual Studio Version 16
VisualStudioVersion = 16.0.30907.101
MinimumVisualStudioVersion = 10.0.40219.1
Project("{FAE04EC0-301F-11D3-BF4B-00C04F79EFBC}") = "PreventWmplayerStopWhenSleep", "PreventWmplayerStopWhenSleep\PreventWmplayerStopWhenSleep.csproj", "{87A009A5-07AA-45C9-98C8-4BE8EB617127}"
EndProject
Global
	GlobalSection(SolutionConfigurationPlatforms) = preSolution
		Debug|Any CPU = Debug|Any CPU
		Release|Any CPU = Release|Any CPU
	EndGlobalSection
	GlobalSection(ProjectConfigurationPlatforms) = postSolution
		{87A009A5-07AA-45C9-98C8-4BE8EB617127}.Debug|Any CPU.ActiveCfg = Debug|Any CPU
		{87A009A5-07AA-45C9-98C8-4BE8EB617127}.Debug|Any CPU.Build.0 = Debug|Any CPU
		{87A009A5-07AA-45C9-98C8-4BE8EB617127}.Release|Any CPU.ActiveCfg = Release|Any CPU
		{87A009A5-07AA-45C9-98C8-4BE8EB617127}.Release|Any CPU.Build.0 = Release|Any CPU
	EndGlobalSection
	GlobalSection(SolutionProperties) = preSolution
		HideSolutionNode = FALSE
	EndGlobalSection
	GlobalSection(ExtensibilityGlobals) = postSolution
		SolutionGuid = {D8114B24-DBB6-4643-9B50-FACB7D9B922B}
	EndGlobalSection
EndGlobal
